// !$*UTF8*$!
{
	archiveVersion = 1;
	classes = {
	};
	objectVersion = 77;
	objects = {

/* Begin PBXContainerItemProxy section */
		560BA9942D1958E300F2B96B /* PBXContainerItemProxy */ = {
			isa = PBXContainerItemProxy;
			containerPortal = 560BA97B2D1958E200F2B96B /* Project object */;
			proxyType = 1;
			remoteGlobalIDString = 560BA9822D1958E200F2B96B;
			remoteInfo = GithhubTest;
		};
		560BA99E2D1958E300F2B96B /* PBXContainerItemProxy */ = {
			isa = PBXContainerItemProxy;
			containerPortal = 560BA97B2D1958E200F2B96B /* Project object */;
			proxyType = 1;
			remoteGlobalIDString = 560BA9822D1958E200F2B96B;
			remoteInfo = GithhubTest;
		};
/* End PBXContainerItemProxy section */

/* Begin PBXFileReference section */
		560BA9832D1958E200F2B96B /* GithhubTest.app */ = {isa = PBXFileReference; explicitFileType = wrapper.application; includeInIndex = 0; path = GithhubTest.app; sourceTree = BUILT_PRODUCTS_DIR; };
		560BA9932D1958E300F2B96B /* GithhubTestTests.xctest */ = {isa = PBXFileReference; explicitFileType = wrapper.cfbundle; includeInIndex = 0; path = GithhubTestTests.xctest; sourceTree = BUILT_PRODUCTS_DIR; };
		560BA99D2D1958E300F2B96B /* GithhubTestUITests.xctest */ = {isa = PBXFileReference; explicitFileType = wrapper.cfbundle; includeInIndex = 0; path = GithhubTestUITests.xctest; sourceTree = BUILT_PRODUCTS_DIR; };
/* End PBXFileReference section */

/* Begin PBXFileSystemSynchronizedRootGroup section */
		560BA9852D1958E200F2B96B /* GithhubTest */ = {
			isa = PBXFileSystemSynchronizedRootGroup;
			path = GithhubTest;
			sourceTree = "<group>";
		};
		560BA9962D1958E300F2B96B /* GithhubTestTests */ = {
			isa = PBXFileSystemSynchronizedRootGroup;
			path = GithhubTestTests;
			sourceTree = "<group>";
		};
		560BA9A02D1958E300F2B96B /* GithhubTestUITests */ = {
			isa = PBXFileSystemSynchronizedRootGroup;
			path = GithhubTestUITests;
			sourceTree = "<group>";
		};
/* End PBXFileSystemSynchronizedRootGroup section */

/* Begin PBXFrameworksBuildPhase section */
		560BA9802D1958E200F2B96B /* Frameworks */ = {
			isa = PBXFrameworksBuildPhase;
			buildActionMask = 2147483647;
			files = (
			);
			runOnlyForDeploymentPostprocessing = 0;
		};
		560BA9902D1958E300F2B96B /* Frameworks */ = {
			isa = PBXFrameworksBuildPhase;
			buildActionMask = 2147483647;
			files = (
			);
			runOnlyForDeploymentPostprocessing = 0;
		};
		560BA99A2D1958E300F2B96B /* Frameworks */ = {
			isa = PBXFrameworksBuildPhase;
			buildActionMask = 2147483647;
			files = (
			);
			runOnlyForDeploymentPostprocessing = 0;
		};
/* End PBXFrameworksBuildPhase section */

/* Begin PBXGroup section */
		560BA97A2D1958E200F2B96B = {
			isa = PBXGroup;
			children = (
				560BA9852D1958E200F2B96B /* GithhubTest */,
				560BA9962D1958E300F2B96B /* GithhubTestTests */,
				560BA9A02D1958E300F2B96B /* GithhubTestUITests */,
				560BA9842D1958E200F2B96B /* Products */,
			);
			sourceTree = "<group>";
		};
		560BA9842D1958E200F2B96B /* Products */ = {
			isa = PBXGroup;
			children = (
				560BA9832D1958E200F2B96B /* GithhubTest.app */,
				560BA9932D1958E300F2B96B /* GithhubTestTests.xctest */,
				560BA99D2D1958E300F2B96B /* GithhubTestUITests.xctest */,
			);
			name = Products;
			sourceTree = "<group>";
		};
/* End PBXGroup section */

/* Begin PBXNativeTarget section */
		560BA9822D1958E200F2B96B /* GithhubTest */ = {
			isa = PBXNativeTarget;
			buildConfigurationList = 560BA9A72D1958E300F2B96B /* Build configuration list for PBXNativeTarget "GithhubTest" */;
			buildPhases = (
				560BA97F2D1958E200F2B96B /* Sources */,
				560BA9802D1958E200F2B96B /* Frameworks */,
				560BA9812D1958E200F2B96B /* Resources */,
			);
			buildRules = (
			);
			dependencies = (
			);
			fileSystemSynchronizedGroups = (
				560BA9852D1958E200F2B96B /* GithhubTest */,
			);
			name = GithhubTest;
			packageProductDependencies = (
			);
			productName = GithhubTest;
			productReference = 560BA9832D1958E200F2B96B /* GithhubTest.app */;
			productType = "com.apple.product-type.application";
		};
		560BA9922D1958E300F2B96B /* GithhubTestTests */ = {
			isa = PBXNativeTarget;
			buildConfigurationList = 560BA9AA2D1958E300F2B96B /* Build configuration list for PBXNativeTarget "GithhubTestTests" */;
			buildPhases = (
				560BA98F2D1958E300F2B96B /* Sources */,
				560BA9902D1958E300F2B96B /* Frameworks */,
				560BA9912D1958E300F2B96B /* Resources */,
			);
			buildRules = (
			);
			dependencies = (
				560BA9952D1958E300F2B96B /* PBXTargetDependency */,
			);
			fileSystemSynchronizedGroups = (
				560BA9962D1958E300F2B96B /* GithhubTestTests */,
			);
			name = GithhubTestTests;
			packageProductDependencies = (
			);
			productName = GithhubTestTests;
			productReference = 560BA9932D1958E300F2B96B /* GithhubTestTests.xctest */;
			productType = "com.apple.product-type.bundle.unit-test";
		};
		560BA99C2D1958E300F2B96B /* GithhubTestUITests */ = {
			isa = PBXNativeTarget;
			buildConfigurationList = 560BA9AD2D1958E300F2B96B /* Build configuration list for PBXNativeTarget "GithhubTestUITests" */;
			buildPhases = (
				560BA9992D1958E300F2B96B /* Sources */,
				560BA99A2D1958E300F2B96B /* Frameworks */,
				560BA99B2D1958E300F2B96B /* Resources */,
			);
			buildRules = (
			);
			dependencies = (
				560BA99F2D1958E300F2B96B /* PBXTargetDependency */,
			);
			fileSystemSynchronizedGroups = (
				560BA9A02D1958E300F2B96B /* GithhubTestUITests */,
			);
			name = GithhubTestUITests;
			packageProductDependencies = (
			);
			productName = GithhubTestUITests;
			productReference = 560BA99D2D1958E300F2B96B /* GithhubTestUITests.xctest */;
			productType = "com.apple.product-type.bundle.ui-testing";
		};
/* End PBXNativeTarget section */

/* Begin PBXProject section */
		560BA97B2D1958E200F2B96B /* Project object */ = {
			isa = PBXProject;
			attributes = {
				BuildIndependentTargetsInParallel = 1;
				LastSwiftUpdateCheck = 1620;
				LastUpgradeCheck = 1620;
				TargetAttributes = {
					560BA9822D1958E200F2B96B = {
						CreatedOnToolsVersion = 16.2;
					};
					560BA9922D1958E300F2B96B = {
						CreatedOnToolsVersion = 16.2;
						TestTargetID = 560BA9822D1958E200F2B96B;
					};
					560BA99C2D1958E300F2B96B = {
						CreatedOnToolsVersion = 16.2;
						TestTargetID = 560BA9822D1958E200F2B96B;
					};
				};
			};
			buildConfigurationList = 560BA97E2D1958E200F2B96B /* Build configuration list for PBXProject "GithhubTest" */;
			developmentRegion = en;
			hasScannedForEncodings = 0;
			knownRegions = (
				en,
				Base,
			);
			mainGroup = 560BA97A2D1958E200F2B96B;
			minimizedProjectReferenceProxies = 1;
			preferredProjectObjectVersion = 77;
			productRefGroup = 560BA9842D1958E200F2B96B /* Products */;
			projectDirPath = "";
			projectRoot = "";
			targets = (
				560BA9822D1958E200F2B96B /* GithhubTest */,
				560BA9922D1958E300F2B96B /* GithhubTestTests */,
				560BA99C2D1958E300F2B96B /* GithhubTestUITests */,
			);
		};
/* End PBXProject section */

/* Begin PBXResourcesBuildPhase section */
		560BA9812D1958E200F2B96B /* Resources */ = {
			isa = PBXResourcesBuildPhase;
			buildActionMask = 2147483647;
			files = (
			);
			runOnlyForDeploymentPostprocessing = 0;
		};
		560BA9912D1958E300F2B96B /* Resources */ = {
			isa = PBXResourcesBuildPhase;
			buildActionMask = 2147483647;
			files = (
			);
			runOnlyForDeploymentPostprocessing = 0;
		};
		560BA99B2D1958E300F2B96B /* Resources */ = {
			isa = PBXResourcesBuildPhase;
			buildActionMask = 2147483647;
			files = (
			);
			runOnlyForDeploymentPostprocessing = 0;
		};
/* End PBXResourcesBuildPhase section */

/* Begin PBXSourcesBuildPhase section */
		560BA97F2D1958E200F2B96B /* Sources */ = {
			isa = PBXSourcesBuildPhase;
			buildActionMask = 2147483647;
			files = (
			);
			runOnlyForDeploymentPostprocessing = 0;
		};
		560BA98F2D1958E300F2B96B /* Sources */ = {
			isa = PBXSourcesBuildPhase;
			buildActionMask = 2147483647;
			files = (
			);
			runOnlyForDeploymentPostprocessing = 0;
		};
		560BA9992D1958E300F2B96B /* Sources */ = {
			isa = PBXSourcesBuildPhase;
			buildActionMask = 2147483647;
			files = (
			);
			runOnlyForDeploymentPostprocessing = 0;
		};
/* End PBXSourcesBuildPhase section */

/* Begin PBXTargetDependency section */
		560BA9952D1958E300F2B96B /* PBXTargetDependency */ = {
			isa = PBXTargetDependency;
			target = 560BA9822D1958E200F2B96B /* GithhubTest */;
			targetProxy = 560BA9942D1958E300F2B96B /* PBXContainerItemProxy */;
		};
		560BA99F2D1958E300F2B96B /* PBXTargetDependency */ = {
			isa = PBXTargetDependency;
			target = 560BA9822D1958E200F2B96B /* GithhubTest */;
			targetProxy = 560BA99E2D1958E300F2B96B /* PBXContainerItemProxy */;
		};
/* End PBXTargetDependency section */

/* Begin XCBuildConfiguration section */
		560BA9A52D1958E300F2B96B /* Debug */ = {
			isa = XCBuildConfiguration;
			buildSettings = {
				ALWAYS_SEARCH_USER_PATHS = NO;
				ASSETCATALOG_COMPILER_GENERATE_SWIFT_ASSET_SYMBOL_EXTENSIONS = YES;
				CLANG_ANALYZER_NONNULL = YES;
				CLANG_ANALYZER_NUMBER_OBJECT_CONVERSION = YES_AGGRESSIVE;
				CLANG_CXX_LANGUAGE_STANDARD = "gnu++20";
				CLANG_ENABLE_MODULES = YES;
				CLANG_ENABLE_OBJC_ARC = YES;
				CLANG_ENABLE_OBJC_WEAK = YES;
				CLANG_WARN_BLOCK_CAPTURE_AUTORELEASING = YES;
				CLANG_WARN_BOOL_CONVERSION = YES;
				CLANG_WARN_COMMA = YES;
				CLANG_WARN_CONSTANT_CONVERSION = YES;
				CLANG_WARN_DEPRECATED_OBJC_IMPLEMENTATIONS = YES;
				CLANG_WARN_DIRECT_OBJC_ISA_USAGE = YES_ERROR;
				CLANG_WARN_DOCUMENTATION_COMMENTS = YES;
				CLANG_WARN_EMPTY_BODY = YES;
				CLANG_WARN_ENUM_CONVERSION = YES;
				CLANG_WARN_INFINITE_RECURSION = YES;
				CLANG_WARN_INT_CONVERSION = YES;
				CLANG_WARN_NON_LITERAL_NULL_CONVERSION = YES;
				CLANG_WARN_OBJC_IMPLICIT_RETAIN_SELF = YES;
				CLANG_WARN_OBJC_LITERAL_CONVERSION = YES;
				CLANG_WARN_OBJC_ROOT_CLASS = YES_ERROR;
				CLANG_WARN_QUOTED_INCLUDE_IN_FRAMEWORK_HEADER = YES;
				CLANG_WARN_RANGE_LOOP_ANALYSIS = YES;
				CLANG_WARN_STRICT_PROTOTYPES = YES;
				CLANG_WARN_SUSPICIOUS_MOVE = YES;
				CLANG_WARN_UNGUARDED_AVAILABILITY = YES_AGGRESSIVE;
				CLANG_WARN_UNREACHABLE_CODE = YES;
				CLANG_WARN__DUPLICATE_METHOD_MATCH = YES;
				COPY_PHASE_STRIP = NO;
				DEBUG_INFORMATION_FORMAT = dwarf;
				ENABLE_STRICT_OBJC_MSGSEND = YES;
				ENABLE_TESTABILITY = YES;
				ENABLE_USER_SCRIPT_SANDBOXING = YES;
				GCC_C_LANGUAGE_STANDARD = gnu17;
				GCC_DYNAMIC_NO_PIC = NO;
				GCC_NO_COMMON_BLOCKS = YES;
				GCC_OPTIMIZATION_LEVEL = 0;
				GCC_PREPROCESSOR_DEFINITIONS = (
					"DEBUG=1",
					"$(inherited)",
				);
				GCC_WARN_64_TO_32_BIT_CONVERSION = YES;
				GCC_WARN_ABOUT_RETURN_TYPE = YES_ERROR;
				GCC_WARN_UNDECLARED_SELECTOR = YES;
				GCC_WARN_UNINITIALIZED_AUTOS = YES_AGGRESSIVE;
				GCC_WARN_UNUSED_FUNCTION = YES;
				GCC_WARN_UNUSED_VARIABLE = YES;
				IPHONEOS_DEPLOYMENT_TARGET = 18.2;
				LOCALIZATION_PREFERS_STRING_CATALOGS = YES;
				MTL_ENABLE_DEBUG_INFO = INCLUDE_SOURCE;
				MTL_FAST_MATH = YES;
				ONLY_ACTIVE_ARCH = YES;
				SDKROOT = iphoneos;
				SWIFT_ACTIVE_COMPILATION_CONDITIONS = "DEBUG $(inherited)";
				SWIFT_OPTIMIZATION_LEVEL = "-Onone";
			};
			name = Debug;
		};
		560BA9A62D1958E300F2B96B /* Release */ = {
			isa = XCBuildConfiguration;
			buildSettings = {
				ALWAYS_SEARCH_USER_PATHS = NO;
				ASSETCATALOG_COMPILER_GENERATE_SWIFT_ASSET_SYMBOL_EXTENSIONS = YES;
				CLANG_ANALYZER_NONNULL = YES;
				CLANG_ANALYZER_NUMBER_OBJECT_CONVERSION = YES_AGGRESSIVE;
				CLANG_CXX_LANGUAGE_STANDARD = "gnu++20";
				CLANG_ENABLE_MODULES = YES;
				CLANG_ENABLE_OBJC_ARC = YES;
				CLANG_ENABLE_OBJC_WEAK = YES;
				CLANG_WARN_BLOCK_CAPTURE_AUTORELEASING = YES;
				CLANG_WARN_BOOL_CONVERSION = YES;
				CLANG_WARN_COMMA = YES;
				CLANG_WARN_CONSTANT_CONVERSION = YES;
				CLANG_WARN_DEPRECATED_OBJC_IMPLEMENTATIONS = YES;
				CLANG_WARN_DIRECT_OBJC_ISA_USAGE = YES_ERROR;
				CLANG_WARN_DOCUMENTATION_COMMENTS = YES;
				CLANG_WARN_EMPTY_BODY = YES;
				CLANG_WARN_ENUM_CONVERSION = YES;
				CLANG_WARN_INFINITE_RECURSION = YES;
				CLANG_WARN_INT_CONVERSION = YES;
				CLANG_WARN_NON_LITERAL_NULL_CONVERSION = YES;
				CLANG_WARN_OBJC_IMPLICIT_RETAIN_SELF = YES;
				CLANG_WARN_OBJC_LITERAL_CONVERSION = YES;
				CLANG_WARN_OBJC_ROOT_CLASS = YES_ERROR;
				CLANG_WARN_QUOTED_INCLUDE_IN_FRAMEWORK_HEADER = YES;
				CLANG_WARN_RANGE_LOOP_ANALYSIS = YES;
				CLANG_WARN_STRICT_PROTOTYPES = YES;
				CLANG_WARN_SUSPICIOUS_MOVE = YES;
				CLANG_WARN_UNGUARDED_AVAILABILITY = YES_AGGRESSIVE;
				CLANG_WARN_UNREACHABLE_CODE = YES;
				CLANG_WARN__DUPLICATE_METHOD_MATCH = YES;
				COPY_PHASE_STRIP = NO;
				DEBUG_INFORMATION_FORMAT = "dwarf-with-dsym";
				ENABLE_NS_ASSERTIONS = NO;
				ENABLE_STRICT_OBJC_MSGSEND = YES;
				ENABLE_USER_SCRIPT_SANDBOXING = YES;
				GCC_C_LANGUAGE_STANDARD = gnu17;
				GCC_NO_COMMON_BLOCKS = YES;
				GCC_WARN_64_TO_32_BIT_CONVERSION = YES;
				GCC_WARN_ABOUT_RETURN_TYPE = YES_ERROR;
				GCC_WARN_UNDECLARED_SELECTOR = YES;
				GCC_WARN_UNINITIALIZED_AUTOS = YES_AGGRESSIVE;
				GCC_WARN_UNUSED_FUNCTION = YES;
				GCC_WARN_UNUSED_VARIABLE = YES;
				IPHONEOS_DEPLOYMENT_TARGET = 18.2;
				LOCALIZATION_PREFERS_STRING_CATALOGS = YES;
				MTL_ENABLE_DEBUG_INFO = NO;
				MTL_FAST_MATH = YES;
				SDKROOT = iphoneos;
				SWIFT_COMPILATION_MODE = wholemodule;
				VALIDATE_PRODUCT = YES;
			};
			name = Release;
		};
		560BA9A82D1958E300F2B96B /* Debug */ = {
			isa = XCBuildConfiguration;
			buildSettings = {
				ASSETCATALOG_COMPILER_APPICON_NAME = AppIcon;
				ASSETCATALOG_COMPILER_GLOBAL_ACCENT_COLOR_NAME = AccentColor;
				CODE_SIGN_STYLE = Automatic;
				CURRENT_PROJECT_VERSION = 1;
				DEVELOPMENT_ASSET_PATHS = "\"GithhubTest/Preview Content\"";
				DEVELOPMENT_TEAM = 6FSXXFHUT9;
				ENABLE_PREVIEWS = YES;
				GENERATE_INFOPLIST_FILE = YES;
				INFOPLIST_KEY_UIApplicationSceneManifest_Generation = YES;
				INFOPLIST_KEY_UIApplicationSupportsIndirectInputEvents = YES;
				INFOPLIST_KEY_UILaunchScreen_Generation = YES;
				INFOPLIST_KEY_UISupportedInterfaceOrientations_iPad = "UIInterfaceOrientationPortrait UIInterfaceOrientationPortraitUpsideDown UIInterfaceOrientationLandscapeLeft UIInterfaceOrientationLandscapeRight";
				INFOPLIST_KEY_UISupportedInterfaceOrientations_iPhone = "UIInterfaceOrientationPortrait UIInterfaceOrientationLandscapeLeft UIInterfaceOrientationLandscapeRight";
				LD_RUNPATH_SEARCH_PATHS = (
					"$(inherited)",
					"@executable_path/Frameworks",
				);
				MARKETING_VERSION = 1.0;
				PRODUCT_BUNDLE_IDENTIFIER = Jihee.GithhubTest;
				PRODUCT_NAME = "$(TARGET_NAME)";
				SWIFT_EMIT_LOC_STRINGS = YES;
				SWIFT_VERSION = 5.0;
				TARGETED_DEVICE_FAMILY = "1,2";
			};
			name = Debug;
		};
		560BA9A92D1958E300F2B96B /* Release */ = {
			isa = XCBuildConfiguration;
			buildSettings = {
				ASSETCATALOG_COMPILER_APPICON_NAME = AppIcon;
				ASSETCATALOG_COMPILER_GLOBAL_ACCENT_COLOR_NAME = AccentColor;
				CODE_SIGN_STYLE = Automatic;
				CURRENT_PROJECT_VERSION = 1;
				DEVELOPMENT_ASSET_PATHS = "\"GithhubTest/Preview Content\"";
				DEVELOPMENT_TEAM = 6FSXXFHUT9;
				ENABLE_PREVIEWS = YES;
				GENERATE_INFOPLIST_FILE = YES;
				INFOPLIST_KEY_UIApplicationSceneManifest_Generation = YES;
				INFOPLIST_KEY_UIApplicationSupportsIndirectInputEvents = YES;
				INFOPLIST_KEY_UILaunchScreen_Generation = YES;
				INFOPLIST_KEY_UISupportedInterfaceOrientations_iPad = "UIInterfaceOrientationPortrait UIInterfaceOrientationPortraitUpsideDown UIInterfaceOrientationLandscapeLeft UIInterfaceOrientationLandscapeRight";
				INFOPLIST_KEY_UISupportedInterfaceOrientations_iPhone = "UIInterfaceOrientationPortrait UIInterfaceOrientationLandscapeLeft UIInterfaceOrientationLandscapeRight";
				LD_RUNPATH_SEARCH_PATHS = (
					"$(inherited)",
					"@executable_path/Frameworks",
				);
				MARKETING_VERSION = 1.0;
				PRODUCT_BUNDLE_IDENTIFIER = Jihee.GithhubTest;
				PRODUCT_NAME = "$(TARGET_NAME)";
				SWIFT_EMIT_LOC_STRINGS = YES;
				SWIFT_VERSION = 5.0;
				TARGETED_DEVICE_FAMILY = "1,2";
			};
			name = Release;
		};
		560BA9AB2D1958E300F2B96B /* Debug */ = {
			isa = XCBuildConfiguration;
			buildSettings = {
				BUNDLE_LOADER = "$(TEST_HOST)";
				CODE_SIGN_STYLE = Automatic;
				CURRENT_PROJECT_VERSION = 1;
				DEVELOPMENT_TEAM = 6FSXXFHUT9;
				GENERATE_INFOPLIST_FILE = YES;
				IPHONEOS_DEPLOYMENT_TARGET = 18.2;
				MARKETING_VERSION = 1.0;
				PRODUCT_BUNDLE_IDENTIFIER = Jihee.GithhubTestTests;
				PRODUCT_NAME = "$(TARGET_NAME)";
				SWIFT_EMIT_LOC_STRINGS = NO;
				SWIFT_VERSION = 5.0;
				TARGETED_DEVICE_FAMILY = "1,2";
				TEST_HOST = "$(BUILT_PRODUCTS_DIR)/GithhubTest.app/$(BUNDLE_EXECUTABLE_FOLDER_PATH)/GithhubTest";
			};
			name = Debug;
		};
		560BA9AC2D1958E300F2B96B /* Release */ = {
			isa = XCBuildConfiguration;
			buildSettings = {
				BUNDLE_LOADER = "$(TEST_HOST)";
				CODE_SIGN_STYLE = Automatic;
				CURRENT_PROJECT_VERSION = 1;
				DEVELOPMENT_TEAM = 6FSXXFHUT9;
				GENERATE_INFOPLIST_FILE = YES;
				IPHONEOS_DEPLOYMENT_TARGET = 18.2;
				MARKETING_VERSION = 1.0;
				PRODUCT_BUNDLE_IDENTIFIER = Jihee.GithhubTestTests;
				PRODUCT_NAME = "$(TARGET_NAME)";
				SWIFT_EMIT_LOC_STRINGS = NO;
				SWIFT_VERSION = 5.0;
				TARGETED_DEVICE_FAMILY = "1,2";
				TEST_HOST = "$(BUILT_PRODUCTS_DIR)/GithhubTest.app/$(BUNDLE_EXECUTABLE_FOLDER_PATH)/GithhubTest";
			};
			name = Release;
		};
		560BA9AE2D1958E300F2B96B /* Debug */ = {
			isa = XCBuildConfiguration;
			buildSettings = {
				CODE_SIGN_STYLE = Automatic;
				CURRENT_PROJECT_VERSION = 1;
				DEVELOPMENT_TEAM = 6FSXXFHUT9;
				GENERATE_INFOPLIST_FILE = YES;
				MARKETING_VERSION = 1.0;
				PRODUCT_BUNDLE_IDENTIFIER = Jihee.GithhubTestUITests;
				PRODUCT_NAME = "$(TARGET_NAME)";
				SWIFT_EMIT_LOC_STRINGS = NO;
				SWIFT_VERSION = 5.0;
				TARGETED_DEVICE_FAMILY = "1,2";
				TEST_TARGET_NAME = GithhubTest;
			};
			name = Debug;
		};
		560BA9AF2D1958E300F2B96B /* Release */ = {
			isa = XCBuildConfiguration;
			buildSettings = {
				CODE_SIGN_STYLE = Automatic;
				CURRENT_PROJECT_VERSION = 1;
				DEVELOPMENT_TEAM = 6FSXXFHUT9;
				GENERATE_INFOPLIST_FILE = YES;
				MARKETING_VERSION = 1.0;
				PRODUCT_BUNDLE_IDENTIFIER = Jihee.GithhubTestUITests;
				PRODUCT_NAME = "$(TARGET_NAME)";
				SWIFT_EMIT_LOC_STRINGS = NO;
				SWIFT_VERSION = 5.0;
				TARGETED_DEVICE_FAMILY = "1,2";
				TEST_TARGET_NAME = GithhubTest;
			};
			name = Release;
		};
/* End XCBuildConfiguration section */

/* Begin XCConfigurationList section */
		560BA97E2D1958E200F2B96B /* Build configuration list for PBXProject "GithhubTest" */ = {
			isa = XCConfigurationList;
			buildConfigurations = (
				560BA9A52D1958E300F2B96B /* Debug */,
				560BA9A62D1958E300F2B96B /* Release */,
			);
			defaultConfigurationIsVisible = 0;
			defaultConfigurationName = Release;
		};
		560BA9A72D1958E300F2B96B /* Build configuration list for PBXNativeTarget "GithhubTest" */ = {
			isa = XCConfigurationList;
			buildConfigurations = (
				560BA9A82D1958E300F2B96B /* Debug */,
				560BA9A92D1958E300F2B96B /* Release */,
			);
			defaultConfigurationIsVisible = 0;
			defaultConfigurationName = Release;
		};
		560BA9AA2D1958E300F2B96B /* Build configuration list for PBXNativeTarget "GithhubTestTests" */ = {
			isa = XCConfigurationList;
			buildConfigurations = (
				560BA9AB2D1958E300F2B96B /* Debug */,
				560BA9AC2D1958E300F2B96B /* Release */,
			);
			defaultConfigurationIsVisible = 0;
			defaultConfigurationName = Release;
		};
		560BA9AD2D1958E300F2B96B /* Build configuration list for PBXNativeTarget "GithhubTestUITests" */ = {
			isa = XCConfigurationList;
			buildConfigurations = (
				560BA9AE2D1958E300F2B96B /* Debug */,
				560BA9AF2D1958E300F2B96B /* Release */,
			);
			defaultConfigurationIsVisible = 0;
			defaultConfigurationName = Release;
		};
/* End XCConfigurationList section */
	};
	rootObject = 560BA97B2D1958E200F2B96B /* Project object */;
}
